
Microsoft Visual Studio Solution File, Format Version 11.00
# Visual Studio 2010
Project("{E24C65DC-7377-472B-9ABA-BC803B73C61A}") = "ShubhaArambh3", "..\ShubhaArambh3", "{967A8C2B-0456-4AD4-AF63-B1DFB0FBF77E}"
	ProjectSection(WebsiteProperties) = preProject
		TargetFrameworkMoniker = ".NETFramework,Version%3Dv4.0"
		Debug.AspNetCompiler.VirtualPath = "/ShubhaArambh3"
		Debug.AspNetCompiler.PhysicalPath = "W:\office\ShubhaArambh3\"
		Debug.AspNetCompiler.TargetPath = "PrecompiledWeb\ShubhaArambh3\"
		Debug.AspNetCompiler.Updateable = "true"
		Debug.AspNetCompiler.ForceOverwrite = "true"
		Debug.AspNetCompiler.FixedNames = "false"
		Debug.AspNetCompiler.Debug = "True"
		Release.AspNetCompiler.VirtualPath = "/ShubhaArambh3"
		Release.AspNetCompiler.PhysicalPath = "W:\office\ShubhaArambh3\"
		Release.AspNetCompiler.TargetPath = "PrecompiledWeb\ShubhaArambh3\"
		Release.AspNetCompiler.Updateable = "true"
		Release.AspNetCompiler.ForceOverwrite = "true"
		Release.AspNetCompiler.FixedNames = "false"
		Release.AspNetCompiler.Debug = "False"
		VWDPort = "5715"
	EndProjectSection
EndProject
Global
	GlobalSection(SolutionConfigurationPlatforms) = preSolution
		Debug|Any CPU = Debug|Any CPU
	EndGlobalSection
	GlobalSection(ProjectConfigurationPlatforms) = postSolution
		{967A8C2B-0456-4AD4-AF63-B1DFB0FBF77E}.Debug|Any CPU.ActiveCfg = Debug|Any CPU
		{967A8C2B-0456-4AD4-AF63-B1DFB0FBF77E}.Debug|Any CPU.Build.0 = Debug|Any CPU
	EndGlobalSection
	GlobalSection(SolutionProperties) = preSolution
		HideSolutionNode = FALSE
	EndGlobalSection
EndGlobal
